
Microsoft Visual Studio Solution File, Format Version 12.00
# Visual Studio Version 17
VisualStudioVersion = 17.0.31903.59
MinimumVisualStudioVersion = 10.0.40219.1
Project("{2150E333-8FDC-42A3-9474-1A3956D46DE8}") = "src", "src", "{827E0CD3-B72D-47B6-A68D-7590B98EB39B}"
EndProject
Project("{FAE04EC0-301F-11D3-BF4B-00C04F79EFBC}") = "GeminiLiveShare.App", "src\GeminiLiveShare.App\GeminiLiveShare.App.csproj", "{55E7D1C2-867E-4839-8B79-3409095E9FA2}"
EndProject
Project("{FAE04EC0-301F-11D3-BF4B-00C04F79EFBC}") = "GeminiLiveShare.Core", "src\GeminiLiveShare.Core\GeminiLiveShare.Core.csproj", "{71853753-D585-425F-A086-EB79D29FD92F}"
EndProject
Project("{FAE04EC0-301F-11D3-BF4B-00C04F79EFBC}") = "GeminiLiveShare.Tests", "src\GeminiLiveShare.Tests\GeminiLiveShare.Tests.csproj", "{6691185F-19C7-41CF-A7B9-A12646133B21}"
EndProject
Project("{FAE04EC0-301F-11D3-BF4B-00C04F79EFBC}") = "GeminiLiveShare.NativeMessagingProxy", "src\GeminiLiveShare.NativeMessagingProxy\GeminiLiveShare.NativeMessagingProxy.csproj", "{B4D3F0C2-6A27-4AF2-9C51-4FEA8F9E5D20}"
EndProject
Global
	GlobalSection(SolutionConfigurationPlatforms) = preSolution
		Debug|Any CPU = Debug|Any CPU
		Debug|x64 = Debug|x64
		Debug|x86 = Debug|x86
		Release|Any CPU = Release|Any CPU
		Release|x64 = Release|x64
		Release|x86 = Release|x86
	EndGlobalSection
	GlobalSection(ProjectConfigurationPlatforms) = postSolution
		{55E7D1C2-867E-4839-8B79-3409095E9FA2}.Debug|Any CPU.ActiveCfg = Debug|Any CPU
		{55E7D1C2-867E-4839-8B79-3409095E9FA2}.Debug|Any CPU.Build.0 = Debug|Any CPU
		{55E7D1C2-867E-4839-8B79-3409095E9FA2}.Debug|x64.ActiveCfg = Debug|Any CPU
		{55E7D1C2-867E-4839-8B79-3409095E9FA2}.Debug|x64.Build.0 = Debug|Any CPU
		{55E7D1C2-867E-4839-8B79-3409095E9FA2}.Debug|x86.ActiveCfg = Debug|Any CPU
		{55E7D1C2-867E-4839-8B79-3409095E9FA2}.Debug|x86.Build.0 = Debug|Any CPU
		{55E7D1C2-867E-4839-8B79-3409095E9FA2}.Release|Any CPU.ActiveCfg = Release|Any CPU
		{55E7D1C2-867E-4839-8B79-3409095E9FA2}.Release|Any CPU.Build.0 = Release|Any CPU
		{55E7D1C2-867E-4839-8B79-3409095E9FA2}.Release|x64.ActiveCfg = Release|Any CPU
		{55E7D1C2-867E-4839-8B79-3409095E9FA2}.Release|x64.Build.0 = Release|Any CPU
		{55E7D1C2-867E-4839-8B79-3409095E9FA2}.Release|x86.ActiveCfg = Release|Any CPU
		{55E7D1C2-867E-4839-8B79-3409095E9FA2}.Release|x86.Build.0 = Release|Any CPU
		{71853753-D585-425F-A086-EB79D29FD92F}.Debug|Any CPU.ActiveCfg = Debug|Any CPU
		{71853753-D585-425F-A086-EB79D29FD92F}.Debug|Any CPU.Build.0 = Debug|Any CPU
		{71853753-D585-425F-A086-EB79D29FD92F}.Debug|x64.ActiveCfg = Debug|Any CPU
		{71853753-D585-425F-A086-EB79D29FD92F}.Debug|x64.Build.0 = Debug|Any CPU
		{71853753-D585-425F-A086-EB79D29FD92F}.Debug|x86.ActiveCfg = Debug|Any CPU
		{71853753-D585-425F-A086-EB79D29FD92F}.Debug|x86.Build.0 = Debug|Any CPU
		{71853753-D585-425F-A086-EB79D29FD92F}.Release|Any CPU.ActiveCfg = Release|Any CPU
		{71853753-D585-425F-A086-EB79D29FD92F}.Release|Any CPU.Build.0 = Release|Any CPU
		{71853753-D585-425F-A086-EB79D29FD92F}.Release|x64.ActiveCfg = Release|Any CPU
		{71853753-D585-425F-A086-EB79D29FD92F}.Release|x64.Build.0 = Release|Any CPU
		{71853753-D585-425F-A086-EB79D29FD92F}.Release|x86.ActiveCfg = Release|Any CPU
		{71853753-D585-425F-A086-EB79D29FD92F}.Release|x86.Build.0 = Release|Any CPU
		{6691185F-19C7-41CF-A7B9-A12646133B21}.Debug|Any CPU.ActiveCfg = Debug|Any CPU
		{6691185F-19C7-41CF-A7B9-A12646133B21}.Debug|Any CPU.Build.0 = Debug|Any CPU
		{6691185F-19C7-41CF-A7B9-A12646133B21}.Debug|x64.ActiveCfg = Debug|Any CPU
		{6691185F-19C7-41CF-A7B9-A12646133B21}.Debug|x64.Build.0 = Debug|Any CPU
		{6691185F-19C7-41CF-A7B9-A12646133B21}.Debug|x86.ActiveCfg = Debug|Any CPU
		{6691185F-19C7-41CF-A7B9-A12646133B21}.Debug|x86.Build.0 = Debug|Any CPU
		{6691185F-19C7-41CF-A7B9-A12646133B21}.Release|Any CPU.ActiveCfg = Release|Any CPU
		{6691185F-19C7-41CF-A7B9-A12646133B21}.Release|Any CPU.Build.0 = Release|Any CPU
		{6691185F-19C7-41CF-A7B9-A12646133B21}.Release|x64.ActiveCfg = Release|Any CPU
		{6691185F-19C7-41CF-A7B9-A12646133B21}.Release|x64.Build.0 = Release|Any CPU
		{6691185F-19C7-41CF-A7B9-A12646133B21}.Release|x86.ActiveCfg = Release|Any CPU
		{6691185F-19C7-41CF-A7B9-A12646133B21}.Release|x86.Build.0 = Release|Any CPU
		{B4D3F0C2-6A27-4AF2-9C51-4FEA8F9E5D20}.Debug|Any CPU.ActiveCfg = Debug|Any CPU
		{B4D3F0C2-6A27-4AF2-9C51-4FEA8F9E5D20}.Debug|Any CPU.Build.0 = Debug|Any CPU
		{B4D3F0C2-6A27-4AF2-9C51-4FEA8F9E5D20}.Debug|x64.ActiveCfg = Debug|Any CPU
		{B4D3F0C2-6A27-4AF2-9C51-4FEA8F9E5D20}.Debug|x64.Build.0 = Debug|Any CPU
		{B4D3F0C2-6A27-4AF2-9C51-4FEA8F9E5D20}.Debug|x86.ActiveCfg = Debug|Any CPU
		{B4D3F0C2-6A27-4AF2-9C51-4FEA8F9E5D20}.Debug|x86.Build.0 = Debug|Any CPU
		{B4D3F0C2-6A27-4AF2-9C51-4FEA8F9E5D20}.Release|Any CPU.ActiveCfg = Release|Any CPU
		{B4D3F0C2-6A27-4AF2-9C51-4FEA8F9E5D20}.Release|Any CPU.Build.0 = Release|Any CPU
		{B4D3F0C2-6A27-4AF2-9C51-4FEA8F9E5D20}.Release|x64.ActiveCfg = Release|Any CPU
		{B4D3F0C2-6A27-4AF2-9C51-4FEA8F9E5D20}.Release|x64.Build.0 = Release|Any CPU
		{B4D3F0C2-6A27-4AF2-9C51-4FEA8F9E5D20}.Release|x86.ActiveCfg = Release|Any CPU
		{B4D3F0C2-6A27-4AF2-9C51-4FEA8F9E5D20}.Release|x86.Build.0 = Release|Any CPU
	EndGlobalSection
	GlobalSection(SolutionProperties) = preSolution
		HideSolutionNode = FALSE
	EndGlobalSection
	GlobalSection(NestedProjects) = preSolution
		{55E7D1C2-867E-4839-8B79-3409095E9FA2} = {827E0CD3-B72D-47B6-A68D-7590B98EB39B}
		{71853753-D585-425F-A086-EB79D29FD92F} = {827E0CD3-B72D-47B6-A68D-7590B98EB39B}
		{6691185F-19C7-41CF-A7B9-A12646133B21} = {827E0CD3-B72D-47B6-A68D-7590B98EB39B}
		{B4D3F0C2-6A27-4AF2-9C51-4FEA8F9E5D20} = {827E0CD3-B72D-47B6-A68D-7590B98EB39B}
	EndGlobalSection
EndGlobal
